
Microsoft Visual Studio Solution File, Format Version 12.00
# Visual Studio 15
VisualStudioVersion = 15.0.28307.852
MinimumVisualStudioVersion = 10.0.40219.1
Project("{FAE04EC0-301F-11D3-BF4B-00C04F79EFBC}") = "farmacia ped", "farmacia ped\farmacia ped.csproj", "{06EC9ACC-0B48-4576-A110-3BBA7FBD1547}"
EndProject
Global
	GlobalSection(SolutionConfigurationPlatforms) = preSolution
		Debug|Any CPU = Debug|Any CPU
		Release|Any CPU = Release|Any CPU
	EndGlobalSection
	GlobalSection(ProjectConfigurationPlatforms) = postSolution
		{06EC9ACC-0B48-4576-A110-3BBA7FBD1547}.Debug|Any CPU.ActiveCfg = Debug|Any CPU
		{06EC9ACC-0B48-4576-A110-3BBA7FBD1547}.Debug|Any CPU.Build.0 = Debug|Any CPU
		{06EC9ACC-0B48-4576-A110-3BBA7FBD1547}.Release|Any CPU.ActiveCfg = Release|Any CPU
		{06EC9ACC-0B48-4576-A110-3BBA7FBD1547}.Release|Any CPU.Build.0 = Release|Any CPU
	EndGlobalSection
	GlobalSection(SolutionProperties) = preSolution
		HideSolutionNode = FALSE
	EndGlobalSection
	GlobalSection(ExtensibilityGlobals) = postSolution
		SolutionGuid = {7F460C9E-CAAE-4490-913E-0ECEFF2F9669}
	EndGlobalSection
EndGlobal
